// !$*UTF8*$!
{
	archiveVersion = 1;
	classes = {
	};
	objectVersion = 50;
	objects = {

/* Begin PBXBuildFile section */
		ADAAACF3264B48F400A0DDB6 /* AppDelegate.swift in Sources */ = {isa = PBXBuildFile; fileRef = ADAAACF2264B48F400A0DDB6 /* AppDelegate.swift */; };
		ADAAACF5264B48F400A0DDB6 /* SceneDelegate.swift in Sources */ = {isa = PBXBuildFile; fileRef = ADAAACF4264B48F400A0DDB6 /* SceneDelegate.swift */; };
		ADAAACF7264B48F400A0DDB6 /* ViewController.swift in Sources */ = {isa = PBXBuildFile; fileRef = ADAAACF6264B48F400A0DDB6 /* ViewController.swift */; };
		ADAAACFA264B48F400A0DDB6 /* Main.storyboard in Resources */ = {isa = PBXBuildFile; fileRef = ADAAACF8264B48F400A0DDB6 /* Main.storyboard */; };
		ADAAACFD264B48F400A0DDB6 /* to_do_list_2.xcdatamodeld in Sources */ = {isa = PBXBuildFile; fileRef = ADAAACFB264B48F400A0DDB6 /* to_do_list_2.xcdatamodeld */; };
		ADAAACFF264B48F800A0DDB6 /* Assets.xcassets in Resources */ = {isa = PBXBuildFile; fileRef = ADAAACFE264B48F800A0DDB6 /* Assets.xcassets */; };
		ADAAAD02264B48F800A0DDB6 /* LaunchScreen.storyboard in Resources */ = {isa = PBXBuildFile; fileRef = ADAAAD00264B48F800A0DDB6 /* LaunchScreen.storyboard */; };
/* End PBXBuildFile section */

/* Begin PBXFileReference section */
		ADAAACEF264B48F400A0DDB6 /* to-do list 2.app */ = {isa = PBXFileReference; explicitFileType = wrapper.application; includeInIndex = 0; path = "to-do list 2.app"; sourceTree = BUILT_PRODUCTS_DIR; };
		ADAAACF2264B48F400A0DDB6 /* AppDelegate.swift */ = {isa = PBXFileReference; lastKnownFileType = sourcecode.swift; path = AppDelegate.swift; sourceTree = "<group>"; };
		ADAAACF4264B48F400A0DDB6 /* SceneDelegate.swift */ = {isa = PBXFileReference; lastKnownFileType = sourcecode.swift; path = SceneDelegate.swift; sourceTree = "<group>"; };
		ADAAACF6264B48F400A0DDB6 /* ViewController.swift */ = {isa = PBXFileReference; lastKnownFileType = sourcecode.swift; path = ViewController.swift; sourceTree = "<group>"; };
		ADAAACF9264B48F400A0DDB6 /* Base */ = {isa = PBXFileReference; lastKnownFileType = file.storyboard; name = Base; path = Base.lproj/Main.storyboard; sourceTree = "<group>"; };
		ADAAACFC264B48F400A0DDB6 /* to_do_list_2.xcdatamodel */ = {isa = PBXFileReference; lastKnownFileType = wrapper.xcdatamodel; path = to_do_list_2.xcdatamodel; sourceTree = "<group>"; };
		ADAAACFE264B48F800A0DDB6 /* Assets.xcassets */ = {isa = PBXFileReference; lastKnownFileType = folder.assetcatalog; path = Assets.xcassets; sourceTree = "<group>"; };
		ADAAAD01264B48F800A0DDB6 /* Base */ = {isa = PBXFileReference; lastKnownFileType = file.storyboard; name = Base; path = Base.lproj/LaunchScreen.storyboard; sourceTree = "<group>"; };
		ADAAAD03264B48F800A0DDB6 /* Info.plist */ = {isa = PBXFileReference; lastKnownFileType = text.plist.xml; path = Info.plist; sourceTree = "<group>"; };
/* End PBXFileReference section */

/* Begin PBXFrameworksBuildPhase section */
		ADAAACEC264B48F400A0DDB6 /* Frameworks */ = {
			isa = PBXFrameworksBuildPhase;
			buildActionMask = 2147483647;
			files = (
			);
			runOnlyForDeploymentPostprocessing = 0;
		};
/* End PBXFrameworksBuildPhase section */

/* Begin PBXGroup section */
		ADAAACE6264B48F400A0DDB6 = {
			isa = PBXGroup;
			children = (
				ADAAACF1264B48F400A0DDB6 /* to-do list 2 */,
				ADAAACF0264B48F400A0DDB6 /* Products */,
			);
			sourceTree = "<group>";
		};
		ADAAACF0264B48F400A0DDB6 /* Products */ = {
			isa = PBXGroup;
			children = (
				ADAAACEF264B48F400A0DDB6 /* to-do list 2.app */,
			);
			name = Products;
			sourceTree = "<group>";
		};
		ADAAACF1264B48F400A0DDB6 /* to-do list 2 */ = {
			isa = PBXGroup;
			children = (
				ADAAACF2264B48F400A0DDB6 /* AppDelegate.swift */,
				ADAAACF4264B48F400A0DDB6 /* SceneDelegate.swift */,
				ADAAACF6264B48F400A0DDB6 /* ViewController.swift */,
				ADAAACF8264B48F400A0DDB6 /* Main.storyboard */,
				ADAAACFE264B48F800A0DDB6 /* Assets.xcassets */,
				ADAAAD00264B48F800A0DDB6 /* LaunchScreen.storyboard */,
				ADAAAD03264B48F800A0DDB6 /* Info.plist */,
				ADAAACFB264B48F400A0DDB6 /* to_do_list_2.xcdatamodeld */,
			);
			path = "to-do list 2";
			sourceTree = "<group>";
		};
/* End PBXGroup section */

/* Begin PBXNativeTarget section */
		ADAAACEE264B48F400A0DDB6 /* to-do list 2 */ = {
			isa = PBXNativeTarget;
			buildConfigurationList = ADAAAD06264B48F800A0DDB6 /* Build configuration list for PBXNativeTarget "to-do list 2" */;
			buildPhases = (
				ADAAACEB264B48F400A0DDB6 /* Sources */,
				ADAAACEC264B48F400A0DDB6 /* Frameworks */,
				ADAAACED264B48F400A0DDB6 /* Resources */,
			);
			buildRules = (
			);
			dependencies = (
			);
			name = "to-do list 2";
			productName = "to-do list 2";
			productReference = ADAAACEF264B48F400A0DDB6 /* to-do list 2.app */;
			productType = "com.apple.product-type.application";
		};
/* End PBXNativeTarget section */

/* Begin PBXProject section */
		ADAAACE7264B48F400A0DDB6 /* Project object */ = {
			isa = PBXProject;
			attributes = {
				LastSwiftUpdateCheck = 1150;
				LastUpgradeCheck = 1150;
				ORGANIZATIONNAME = "Rahaf Aljerwi";
				TargetAttributes = {
					ADAAACEE264B48F400A0DDB6 = {
						CreatedOnToolsVersion = 11.5;
					};
				};
			};
			buildConfigurationList = ADAAACEA264B48F400A0DDB6 /* Build configuration list for PBXProject "to-do list 2" */;
			compatibilityVersion = "Xcode 9.3";
			developmentRegion = en;
			hasScannedForEncodings = 0;
			knownRegions = (
				en,
				Base,
			);
			mainGroup = ADAAACE6264B48F400A0DDB6;
			productRefGroup = ADAAACF0264B48F400A0DDB6 /* Products */;
			projectDirPath = "";
			projectRoot = "";
			targets = (
				ADAAACEE264B48F400A0DDB6 /* to-do list 2 */,
			);
		};
/* End PBXProject section */

/* Begin PBXResourcesBuildPhase section */
		ADAAACED264B48F400A0DDB6 /* Resources */ = {
			isa = PBXResourcesBuildPhase;
			buildActionMask = 2147483647;
			files = (
				ADAAAD02264B48F800A0DDB6 /* LaunchScreen.storyboard in Resources */,
				ADAAACFF264B48F800A0DDB6 /* Assets.xcassets in Resources */,
				ADAAACFA264B48F400A0DDB6 /* Main.storyboard in Resources */,
			);
			runOnlyForDeploymentPostprocessing = 0;
		};
/* End PBXResourcesBuildPhase section */

/* Begin PBXSourcesBuildPhase section */
		ADAAACEB264B48F400A0DDB6 /* Sources */ = {
			isa = PBXSourcesBuildPhase;
			buildActionMask = 2147483647;
			files = (
				ADAAACF7264B48F400A0DDB6 /* ViewController.swift in Sources */,
				ADAAACF3264B48F400A0DDB6 /* AppDelegate.swift in Sources */,
				ADAAACFD264B48F400A0DDB6 /* to_do_list_2.xcdatamodeld in Sources */,
				ADAAACF5264B48F400A0DDB6 /* SceneDelegate.swift in Sources */,
			);
			runOnlyForDeploymentPostprocessing = 0;
		};
/* End PBXSourcesBuildPhase section */

/* Begin PBXVariantGroup section */
		ADAAACF8264B48F400A0DDB6 /* Main.storyboard */ = {
			isa = PBXVariantGroup;
			children = (
				ADAAACF9264B48F400A0DDB6 /* Base */,
			);
			name = Main.storyboard;
			sourceTree = "<group>";
		};
		ADAAAD00264B48F800A0DDB6 /* LaunchScreen.storyboard */ = {
			isa = PBXVariantGroup;
			children = (
				ADAAAD01264B48F800A0DDB6 /* Base */,
			);
			name = LaunchScreen.storyboard;
			sourceTree = "<group>";
		};
/* End PBXVariantGroup section */

/* Begin XCBuildConfiguration section */
		ADAAAD04264B48F800A0DDB6 /* Debug */ = {
			isa = XCBuildConfiguration;
			buildSettings = {
				ALWAYS_SEARCH_USER_PATHS = NO;
				CLANG_ANALYZER_NONNULL = YES;
				CLANG_ANALYZER_NUMBER_OBJECT_CONVERSION = YES_AGGRESSIVE;
				CLANG_CXX_LANGUAGE_STANDARD = "gnu++14";
				CLANG_CXX_LIBRARY = "libc++";
				CLANG_ENABLE_MODULES = YES;
				CLANG_ENABLE_OBJC_ARC = YES;
				CLANG_ENABLE_OBJC_WEAK = YES;
				CLANG_WARN_BLOCK_CAPTURE_AUTORELEASING = YES;
				CLANG_WARN_BOOL_CONVERSION = YES;
				CLANG_WARN_COMMA = YES;
				CLANG_WARN_CONSTANT_CONVERSION = YES;
				CLANG_WARN_DEPRECATED_OBJC_IMPLEMENTATIONS = YES;
				CLANG_WARN_DIRECT_OBJC_ISA_USAGE = YES_ERROR;
				CLANG_WARN_DOCUMENTATION_COMMENTS = YES;
				CLANG_WARN_EMPTY_BODY = YES;
				CLANG_WARN_ENUM_CONVERSION = YES;
				CLANG_WARN_INFINITE_RECURSION = YES;
				CLANG_WARN_INT_CONVERSION = YES;
				CLANG_WARN_NON_LITERAL_NULL_CONVERSION = YES;
				CLANG_WARN_OBJC_IMPLICIT_RETAIN_SELF = YES;
				CLANG_WARN_OBJC_LITERAL_CONVERSION = YES;
				CLANG_WARN_OBJC_ROOT_CLASS = YES_ERROR;
				CLANG_WARN_RANGE_LOOP_ANALYSIS = YES;
				CLANG_WARN_STRICT_PROTOTYPES = YES;
				CLANG_WARN_SUSPICIOUS_MOVE = YES;
				CLANG_WARN_UNGUARDED_AVAILABILITY = YES_AGGRESSIVE;
				CLANG_WARN_UNREACHABLE_CODE = YES;
				CLANG_WARN__DUPLICATE_METHOD_MATCH = YES;
				COPY_PHASE_STRIP = NO;
				DEBUG_INFORMATION_FORMAT = dwarf;
				ENABLE_STRICT_OBJC_MSGSEND = YES;
				ENABLE_TESTABILITY = YES;
				GCC_C_LANGUAGE_STANDARD = gnu11;
				GCC_DYNAMIC_NO_PIC = NO;
				GCC_NO_COMMON_BLOCKS = YES;
				GCC_OPTIMIZATION_LEVEL = 0;
				GCC_PREPROCESSOR_DEFINITIONS = (
					"DEBUG=1",
					"$(inherited)",
				);
				GCC_WARN_64_TO_32_BIT_CONVERSION = YES;
				GCC_WARN_ABOUT_RETURN_TYPE = YES_ERROR;
				GCC_WARN_UNDECLARED_SELECTOR = YES;
				GCC_WARN_UNINITIALIZED_AUTOS = YES_AGGRESSIVE;
				GCC_WARN_UNUSED_FUNCTION = YES;
				GCC_WARN_UNUSED_VARIABLE = YES;
				IPHONEOS_DEPLOYMENT_TARGET = 13.5;
				MTL_ENABLE_DEBUG_INFO = INCLUDE_SOURCE;
				MTL_FAST_MATH = YES;
				ONLY_ACTIVE_ARCH = YES;
				SDKROOT = iphoneos;
				SWIFT_ACTIVE_COMPILATION_CONDITIONS = DEBUG;
				SWIFT_OPTIMIZATION_LEVEL = "-Onone";
			};
			name = Debug;
		};
		ADAAAD05264B48F800A0DDB6 /* Release */ = {
			isa = XCBuildConfiguration;
			buildSettings = {
				ALWAYS_SEARCH_USER_PATHS = NO;
				CLANG_ANALYZER_NONNULL = YES;
				CLANG_ANALYZER_NUMBER_OBJECT_CONVERSION = YES_AGGRESSIVE;
				CLANG_CXX_LANGUAGE_STANDARD = "gnu++14";
				CLANG_CXX_LIBRARY = "libc++";
				CLANG_ENABLE_MODULES = YES;
				CLANG_ENABLE_OBJC_ARC = YES;
				CLANG_ENABLE_OBJC_WEAK = YES;
				CLANG_WARN_BLOCK_CAPTURE_AUTORELEASING = YES;
				CLANG_WARN_BOOL_CONVERSION = YES;
				CLANG_WARN_COMMA = YES;
				CLANG_WARN_CONSTANT_CONVERSION = YES;
				CLANG_WARN_DEPRECATED_OBJC_IMPLEMENTATIONS = YES;
				CLANG_WARN_DIRECT_OBJC_ISA_USAGE = YES_ERROR;
				CLANG_WARN_DOCUMENTATION_COMMENTS = YES;
				CLANG_WARN_EMPTY_BODY = YES;
				CLANG_WARN_ENUM_CONVERSION = YES;
				CLANG_WARN_INFINITE_RECURSION = YES;
				CLANG_WARN_INT_CONVERSION = YES;
				CLANG_WARN_NON_LITERAL_NULL_CONVERSION = YES;
				CLANG_WARN_OBJC_IMPLICIT_RETAIN_SELF = YES;
				CLANG_WARN_OBJC_LITERAL_CONVERSION = YES;
				CLANG_WARN_OBJC_ROOT_CLASS = YES_ERROR;
				CLANG_WARN_RANGE_LOOP_ANALYSIS = YES;
				CLANG_WARN_STRICT_PROTOTYPES = YES;
				CLANG_WARN_SUSPICIOUS_MOVE = YES;
				CLANG_WARN_UNGUARDED_AVAILABILITY = YES_AGGRESSIVE;
				CLANG_WARN_UNREACHABLE_CODE = YES;
				CLANG_WARN__DUPLICATE_METHOD_MATCH = YES;
				COPY_PHASE_STRIP = NO;
				DEBUG_INFORMATION_FORMAT = "dwarf-with-dsym";
				ENABLE_NS_ASSERTIONS = NO;
				ENABLE_STRICT_OBJC_MSGSEND = YES;
				GCC_C_LANGUAGE_STANDARD = gnu11;
				GCC_NO_COMMON_BLOCKS = YES;
				GCC_WARN_64_TO_32_BIT_CONVERSION = YES;
				GCC_WARN_ABOUT_RETURN_TYPE = YES_ERROR;
				GCC_WARN_UNDECLARED_SELECTOR = YES;
				GCC_WARN_UNINITIALIZED_AUTOS = YES_AGGRESSIVE;
				GCC_WARN_UNUSED_FUNCTION = YES;
				GCC_WARN_UNUSED_VARIABLE = YES;
				IPHONEOS_DEPLOYMENT_TARGET = 13.5;
				MTL_ENABLE_DEBUG_INFO = NO;
				MTL_FAST_MATH = YES;
				SDKROOT = iphoneos;
				SWIFT_COMPILATION_MODE = wholemodule;
				SWIFT_OPTIMIZATION_LEVEL = "-O";
				VALIDATE_PRODUCT = YES;
			};
			name = Release;
		};
		ADAAAD07264B48F800A0DDB6 /* Debug */ = {
			isa = XCBuildConfiguration;
			buildSettings = {
				ASSETCATALOG_COMPILER_APPICON_NAME = AppIcon;
				CODE_SIGN_STYLE = Automatic;
				INFOPLIST_FILE = "to-do list 2/Info.plist";
				LD_RUNPATH_SEARCH_PATHS = (
					"$(inherited)",
					"@executable_path/Frameworks",
				);
				PRODUCT_BUNDLE_IDENTIFIER = "aljerwi.to-do-list-2";
				PRODUCT_NAME = "$(TARGET_NAME)";
				SWIFT_VERSION = 5.0;
				TARGETED_DEVICE_FAMILY = "1,2";
			};
			name = Debug;
		};
		ADAAAD08264B48F800A0DDB6 /* Release */ = {
			isa = XCBuildConfiguration;
			buildSettings = {
				ASSETCATALOG_COMPILER_APPICON_NAME = AppIcon;
				CODE_SIGN_STYLE = Automatic;
				INFOPLIST_FILE = "to-do list 2/Info.plist";
				LD_RUNPATH_SEARCH_PATHS = (
					"$(inherited)",
					"@executable_path/Frameworks",
				);
				PRODUCT_BUNDLE_IDENTIFIER = "aljerwi.to-do-list-2";
				PRODUCT_NAME = "$(TARGET_NAME)";
				SWIFT_VERSION = 5.0;
				TARGETED_DEVICE_FAMILY = "1,2";
			};
			name = Release;
		};
/* End XCBuildConfiguration section */

/* Begin XCConfigurationList section */
		ADAAACEA264B48F400A0DDB6 /* Build configuration list for PBXProject "to-do list 2" */ = {
			isa = XCConfigurationList;
			buildConfigurations = (
				ADAAAD04264B48F800A0DDB6 /* Debug */,
				ADAAAD05264B48F800A0DDB6 /* Release */,
			);
			defaultConfigurationIsVisible = 0;
			defaultConfigurationName = Release;
		};
		ADAAAD06264B48F800A0DDB6 /* Build configuration list for PBXNativeTarget "to-do list 2" */ = {
			isa = XCConfigurationList;
			buildConfigurations = (
				ADAAAD07264B48F800A0DDB6 /* Debug */,
				ADAAAD08264B48F800A0DDB6 /* Release */,
			);
			defaultConfigurationIsVisible = 0;
			defaultConfigurationName = Release;
		};
/* End XCConfigurationList section */

/* Begin XCVersionGroup section */
		ADAAACFB264B48F400A0DDB6 /* to_do_list_2.xcdatamodeld */ = {
			isa = XCVersionGroup;
			children = (
				ADAAACFC264B48F400A0DDB6 /* to_do_list_2.xcdatamodel */,
			);
			currentVersion = ADAAACFC264B48F400A0DDB6 /* to_do_list_2.xcdatamodel */;
			path = to_do_list_2.xcdatamodeld;
			sourceTree = "<group>";
			versionGroupType = wrapper.xcdatamodel;
		};
/* End XCVersionGroup section */
	};
	rootObject = ADAAACE7264B48F400A0DDB6 /* Project object */;
}
